symfony c18f5a8d94d274d462200b135e1d739ee93cbbd1
twig 103e85729021d557e9cf389a9b5408bc5a1651e4
monolog b704c49a3051536f67f2d39f13568f74615b9922
doctrine-common b44ea1dc14e9bbb1a39b37a39875f7a8d4351b82
doctrine-dbal 7101ecd7428e38a0c2edd1a5f23ab3c37ea48423
doctrine 793a1032e6c42c95dc2c234df49fe5b683a391df
swiftmailer 8c3165691e36302405926abbae7526549db8b899
assetic f829ad23d23c87480151a21faad49fefe7c09e5d
twig-extensions eba4f5d572bec05c72a47bbd73ba0a3330cf8f54
metadata 30c622cad82e39a6856b981a9bfb9df06b3cc067
SensioFrameworkExtraBundle b6565d32d71325be1f56943a8758b18f5999de8c
JMSSecurityExtraBundle b8b7eb294ed83d83ca7260ac018e701f08003538
SensioDistributionBundle a186b53154bc137a65802ef567e4a2eee2082d21
SensioGeneratorBundle 2016dd4752ec52990b3fb304d68422eab3b1e8e0
AsseticBundle 41b5913b5086a0909af92adcb4a6005ee0051b16
doctrine-mongodb 85a573991ba96971b20fc9651f627d249e55d68a
doctrine-mongodb-odm a81cfd1044e2295e0e244f3bb93a0ecb57b65148
DoctrineMongoDBBundle fd72679a24c2ca2b1cc8de00514579e5a1b54751
twitter-bootstrap a560eb651d24bd3a6183c78ab8a9b88bfa57c3cc