symfony 4730f4303b1a266185226ee05fa9f93f0468a2e1
twig ae250f6b6f354f091dc0a5f7621eef275d87a41b
monolog b704c49a3051536f67f2d39f13568f74615b9922
doctrine-common 583b0e1d461d63d928cbf5ca18a6a408eeaaf1e9
doctrine-dbal 23d2950c130c00b6589b216679ed036052d6963a
doctrine 33c5b639b04169f9520910da0d25508754d32b6b
swiftmailer 8c3165691e36302405926abbae7526549db8b899
assetic f829ad23d23c87480151a21faad49fefe7c09e5d
twig-extensions 3076c971976e1baaf86e5820c7a1da3f5c1c14eb
metadata 30c622cad82e39a6856b981a9bfb9df06b3cc067
SensioFrameworkExtraBundle 02d973b55a35b9578e1a20d4537213b24db687cf
JMSSecurityExtraBundle b8b7eb294ed83d83ca7260ac018e701f08003538
SensioDistributionBundle 64ae64795c794e34d964a67e76f0584444189fc2
SensioGeneratorBundle c6af9719ae9e81fa4e086f40697d35e7090921cc
AsseticBundle 41b5913b5086a0909af92adcb4a6005ee0051b16
doctrine-mongodb 2f2714cc00a2b66dc0d23db4ff63fef73d678fe5
doctrine-mongodb-odm 64362e35cc71267136491d93864b5abbd902dd7d
DoctrineMongoDBBundle 43d555227e3a2d6962b68ad717de78b3628cf484
twitter-bootstrap 296fad37b4e3e78bd952d419625d87f52a3d52d4
FOSUserBundle 86b005393434fe043171354fb373091b483dfccf
doctrine-extensions e702c728dbc46b02cceb6a92264d7e4cf1cec102
StofDoctrineExtensionsBundle ff7f1fc311ea63d014b7350225366403632ecd40